
Microsoft Visual Studio Solution File, Format Version 11.00
# Visual Studio 2010
Project("{FAE04EC0-301F-11D3-BF4B-00C04F79EFBC}") = "StuManagement", "StuManagement\StuManagement.csproj", "{D367B823-70E8-49E4-B523-5A0333F9E6D2}"
EndProject
Project("{FAE04EC0-301F-11D3-BF4B-00C04F79EFBC}") = "IOTest", "IOTest\IOTest.csproj", "{B508C46A-3D66-420C-9142-44AB4FE56B70}"
EndProject
Global
	GlobalSection(SolutionConfigurationPlatforms) = preSolution
		Debug|x86 = Debug|x86
		Release|x86 = Release|x86
	EndGlobalSection
	GlobalSection(ProjectConfigurationPlatforms) = postSolution
		{D367B823-70E8-49E4-B523-5A0333F9E6D2}.Debug|x86.ActiveCfg = Debug|x86
		{D367B823-70E8-49E4-B523-5A0333F9E6D2}.Debug|x86.Build.0 = Debug|x86
		{D367B823-70E8-49E4-B523-5A0333F9E6D2}.Release|x86.ActiveCfg = Release|x86
		{D367B823-70E8-49E4-B523-5A0333F9E6D2}.Release|x86.Build.0 = Release|x86
		{B508C46A-3D66-420C-9142-44AB4FE56B70}.Debug|x86.ActiveCfg = Debug|x86
		{B508C46A-3D66-420C-9142-44AB4FE56B70}.Debug|x86.Build.0 = Debug|x86
		{B508C46A-3D66-420C-9142-44AB4FE56B70}.Release|x86.ActiveCfg = Release|x86
		{B508C46A-3D66-420C-9142-44AB4FE56B70}.Release|x86.Build.0 = Release|x86
	EndGlobalSection
	GlobalSection(SolutionProperties) = preSolution
		HideSolutionNode = FALSE
	EndGlobalSection
EndGlobal
